github.com/skip2/go-qrcode v0.0.0-20200617195104-da1b6568686e h1:MRM5ITcdelLK2j1vwZ3Je0FKVCfqOLp5zO6trqMLYs0=
github.com/skip2/go-qrcode v0.0.0-20200617195104-da1b6568686e/go.mod h1:XV66xRDqSt+GTGFMVlhk3ULuV0y9ZmzeVGR4mloJI3M=
github.com/subosito/shorturl v1.0.0 h1:MGONdIh75VxiG/llz+mcLd2FATWAZFRa3a9ThFFJ/5A=
github.com/subosito/shorturl v1.0.0/go.mod h1:YPY1oyCqGwaMYRyLGheJ/4FZsgxUvv/9nwp69hNzohQ=
